
Microsoft Visual Studio Solution File, Format Version 12.00
# Visual Studio Version 16
VisualStudioVersion = 16.0.30128.74
MinimumVisualStudioVersion = 10.0.40219.1
Project("{FAE04EC0-301F-11D3-BF4B-00C04F79EFBC}") = "WebTinTuc", "WebTinTuc\WebTinTuc.csproj", "{DE9A2456-06F3-4543-BB0F-8C2CADA78943}"
EndProject
Global
	GlobalSection(SolutionConfigurationPlatforms) = preSolution
		Debug|Any CPU = Debug|Any CPU
		Release|Any CPU = Release|Any CPU
	EndGlobalSection
	GlobalSection(ProjectConfigurationPlatforms) = postSolution
		{DE9A2456-06F3-4543-BB0F-8C2CADA78943}.Debug|Any CPU.ActiveCfg = Debug|Any CPU
		{DE9A2456-06F3-4543-BB0F-8C2CADA78943}.Debug|Any CPU.Build.0 = Debug|Any CPU
		{DE9A2456-06F3-4543-BB0F-8C2CADA78943}.Release|Any CPU.ActiveCfg = Release|Any CPU
		{DE9A2456-06F3-4543-BB0F-8C2CADA78943}.Release|Any CPU.Build.0 = Release|Any CPU
	EndGlobalSection
	GlobalSection(SolutionProperties) = preSolution
		HideSolutionNode = FALSE
	EndGlobalSection
	GlobalSection(ExtensibilityGlobals) = postSolution
		SolutionGuid = {21D59BA0-F097-43BD-9090-BFC171F877C4}
	EndGlobalSection
EndGlobal
